
Microsoft Visual Studio Solution File, Format Version 12.00
# Visual Studio Version 17
VisualStudioVersion = 17.14.37027.9 d17.14
MinimumVisualStudioVersion = 10.0.40219.1
Project("{FAE04EC0-301F-11D3-BF4B-00C04F79EFBC}") = "CU'sKitchen", "CU'sKitchen\CU'sKitchen.csproj", "{6CB60527-721D-4D06-895F-FE8DE0E62374}"
EndProject
Global
	GlobalSection(SolutionConfigurationPlatforms) = preSolution
		Debug|Any CPU = Debug|Any CPU
		Release|Any CPU = Release|Any CPU
	EndGlobalSection
	GlobalSection(ProjectConfigurationPlatforms) = postSolution
		{6CB60527-721D-4D06-895F-FE8DE0E62374}.Debug|Any CPU.ActiveCfg = Debug|Any CPU
		{6CB60527-721D-4D06-895F-FE8DE0E62374}.Debug|Any CPU.Build.0 = Debug|Any CPU
		{6CB60527-721D-4D06-895F-FE8DE0E62374}.Release|Any CPU.ActiveCfg = Release|Any CPU
		{6CB60527-721D-4D06-895F-FE8DE0E62374}.Release|Any CPU.Build.0 = Release|Any CPU
	EndGlobalSection
	GlobalSection(SolutionProperties) = preSolution
		HideSolutionNode = FALSE
	EndGlobalSection
	GlobalSection(ExtensibilityGlobals) = postSolution
		SolutionGuid = {BE9458C9-5642-4435-845A-A4758577F674}
	EndGlobalSection
EndGlobal
